
Microsoft Visual Studio Solution File, Format Version 12.00
# Visual Studio 15
VisualStudioVersion = 15.0.26124.0
MinimumVisualStudioVersion = 15.0.26124.0
Project("{9A19103F-16F7-4668-BE54-9A1E7A4F7556}") = "ApiGateway", "ApiGateway\ApiGateway.csproj", "{A3356CB7-0EB8-4E20-A5B2-B273FA06FB8E}"
EndProject
Project("{9A19103F-16F7-4668-BE54-9A1E7A4F7556}") = "Catalog", "Catalog\Catalog.csproj", "{4B96B825-02FF-4567-8FBA-9FD3FDECFD56}"
EndProject
Project("{9A19103F-16F7-4668-BE54-9A1E7A4F7556}") = "Orders", "Orders\Orders.csproj", "{C832E938-958F-4FB9-88DA-802C0C440009}"
EndProject
Project("{2150E333-8FDC-42A3-9474-1A3956D46DE8}") = "Solution Items", "Solution Items", "{0506057F-1DF6-4B08-94B1-8E510F6C6DD0}"
	ProjectSection(SolutionItems) = preProject
		dockerHelp.txt = dockerHelp.txt
	EndProjectSection
EndProject
Global
	GlobalSection(SolutionConfigurationPlatforms) = preSolution
		Debug|Any CPU = Debug|Any CPU
		Debug|x64 = Debug|x64
		Debug|x86 = Debug|x86
		Release|Any CPU = Release|Any CPU
		Release|x64 = Release|x64
		Release|x86 = Release|x86
	EndGlobalSection
	GlobalSection(ProjectConfigurationPlatforms) = postSolution
		{A3356CB7-0EB8-4E20-A5B2-B273FA06FB8E}.Debug|Any CPU.ActiveCfg = Debug|Any CPU
		{A3356CB7-0EB8-4E20-A5B2-B273FA06FB8E}.Debug|Any CPU.Build.0 = Debug|Any CPU
		{A3356CB7-0EB8-4E20-A5B2-B273FA06FB8E}.Debug|x64.ActiveCfg = Debug|Any CPU
		{A3356CB7-0EB8-4E20-A5B2-B273FA06FB8E}.Debug|x64.Build.0 = Debug|Any CPU
		{A3356CB7-0EB8-4E20-A5B2-B273FA06FB8E}.Debug|x86.ActiveCfg = Debug|Any CPU
		{A3356CB7-0EB8-4E20-A5B2-B273FA06FB8E}.Debug|x86.Build.0 = Debug|Any CPU
		{A3356CB7-0EB8-4E20-A5B2-B273FA06FB8E}.Release|Any CPU.ActiveCfg = Release|Any CPU
		{A3356CB7-0EB8-4E20-A5B2-B273FA06FB8E}.Release|Any CPU.Build.0 = Release|Any CPU
		{A3356CB7-0EB8-4E20-A5B2-B273FA06FB8E}.Release|x64.ActiveCfg = Release|Any CPU
		{A3356CB7-0EB8-4E20-A5B2-B273FA06FB8E}.Release|x64.Build.0 = Release|Any CPU
		{A3356CB7-0EB8-4E20-A5B2-B273FA06FB8E}.Release|x86.ActiveCfg = Release|Any CPU
		{A3356CB7-0EB8-4E20-A5B2-B273FA06FB8E}.Release|x86.Build.0 = Release|Any CPU
		{4B96B825-02FF-4567-8FBA-9FD3FDECFD56}.Debug|Any CPU.ActiveCfg = Debug|Any CPU
		{4B96B825-02FF-4567-8FBA-9FD3FDECFD56}.Debug|Any CPU.Build.0 = Debug|Any CPU
		{4B96B825-02FF-4567-8FBA-9FD3FDECFD56}.Debug|x64.ActiveCfg = Debug|Any CPU
		{4B96B825-02FF-4567-8FBA-9FD3FDECFD56}.Debug|x64.Build.0 = Debug|Any CPU
		{4B96B825-02FF-4567-8FBA-9FD3FDECFD56}.Debug|x86.ActiveCfg = Debug|Any CPU
		{4B96B825-02FF-4567-8FBA-9FD3FDECFD56}.Debug|x86.Build.0 = Debug|Any CPU
		{4B96B825-02FF-4567-8FBA-9FD3FDECFD56}.Release|Any CPU.ActiveCfg = Release|Any CPU
		{4B96B825-02FF-4567-8FBA-9FD3FDECFD56}.Release|Any CPU.Build.0 = Release|Any CPU
		{4B96B825-02FF-4567-8FBA-9FD3FDECFD56}.Release|x64.ActiveCfg = Release|Any CPU
		{4B96B825-02FF-4567-8FBA-9FD3FDECFD56}.Release|x64.Build.0 = Release|Any CPU
		{4B96B825-02FF-4567-8FBA-9FD3FDECFD56}.Release|x86.ActiveCfg = Release|Any CPU
		{4B96B825-02FF-4567-8FBA-9FD3FDECFD56}.Release|x86.Build.0 = Release|Any CPU
		{C832E938-958F-4FB9-88DA-802C0C440009}.Debug|Any CPU.ActiveCfg = Debug|Any CPU
		{C832E938-958F-4FB9-88DA-802C0C440009}.Debug|Any CPU.Build.0 = Debug|Any CPU
		{C832E938-958F-4FB9-88DA-802C0C440009}.Debug|x64.ActiveCfg = Debug|Any CPU
		{C832E938-958F-4FB9-88DA-802C0C440009}.Debug|x64.Build.0 = Debug|Any CPU
		{C832E938-958F-4FB9-88DA-802C0C440009}.Debug|x86.ActiveCfg = Debug|Any CPU
		{C832E938-958F-4FB9-88DA-802C0C440009}.Debug|x86.Build.0 = Debug|Any CPU
		{C832E938-958F-4FB9-88DA-802C0C440009}.Release|Any CPU.ActiveCfg = Release|Any CPU
		{C832E938-958F-4FB9-88DA-802C0C440009}.Release|Any CPU.Build.0 = Release|Any CPU
		{C832E938-958F-4FB9-88DA-802C0C440009}.Release|x64.ActiveCfg = Release|Any CPU
		{C832E938-958F-4FB9-88DA-802C0C440009}.Release|x64.Build.0 = Release|Any CPU
		{C832E938-958F-4FB9-88DA-802C0C440009}.Release|x86.ActiveCfg = Release|Any CPU
		{C832E938-958F-4FB9-88DA-802C0C440009}.Release|x86.Build.0 = Release|Any CPU
	EndGlobalSection
	GlobalSection(SolutionProperties) = preSolution
		HideSolutionNode = FALSE
	EndGlobalSection
	GlobalSection(ExtensibilityGlobals) = postSolution
		SolutionGuid = {8F4E0BCA-98DB-42B6-9D8E-211CEB460AE7}
	EndGlobalSection
EndGlobal
